{
  "name": "release-please-test",
  "lockfileVersion": 3,
  "requires": true,
  "packages": {
    "": {
      "name": "release-please-test",
      "version": "1.0.0",
      "license": "ISC",
      "workspaces": [
        "packages/*"
      ],
      "devDependencies": {
        "turbo": "^2.6.3"
      }
    },
    "node_modules/@test/a": {
      "resolved": "packages/a",
      "link": true
    },
    "node_modules/@test/b": {
      "resolved": "packages/b",
      "link": true
    },
    "node_modules/@test/c": {
      "resolved": "packages/c",
      "link": true
    },
    "node_modules/turbo": {
      "version": "2.6.3",
      "dev": true,
      "license": "MIT",
      "bin": {
        "turbo": "bin/turbo"
      },
      "optionalDependencies": {
        "turbo-darwin-64": "2.6.3",
        "turbo-darwin-arm64": "2.6.3",
        "turbo-linux-64": "2.6.3",
        "turbo-linux-arm64": "2.6.3",
        "turbo-windows-64": "2.6.3",
        "turbo-windows-arm64": "2.6.3"
      }
    },
    "node_modules/turbo-darwin-arm64": {
      "version": "2.6.3",
      "cpu": [
        "arm64"
      ],
      "dev": true,
      "license": "MIT",
      "optional": true,
      "os": [
        "darwin"
      ]
    },
    "packages/a": {
      "name": "@test/a",
      "version": "1.0.0",
      "license": "ISC"
    },
    "packages/b": {
      "name": "@test/b",
      "version": "1.0.0",
      "license": "ISC"
    },
    "packages/c": {
      "name": "@test/c",
      "version": "1.0.0",
      "license": "ISC"
    }
  },
  "version": "1.0.0"
}
